
Microsoft Visual Studio Solution File, Format Version 12.00
# Visual Studio 15
VisualStudioVersion = 15.0.28307.757
MinimumVisualStudioVersion = 10.0.40219.1
Project("{FAE04EC0-301F-11D3-BF4B-00C04F79EFBC}") = "MMTCallApi", "MMTCallApi\MMTCallApi.csproj", "{59CA4E2F-D054-4B45-AB05-461723475F75}"
EndProject
Global
	GlobalSection(SolutionConfigurationPlatforms) = preSolution
		Debug|Any CPU = Debug|Any CPU
		Release|Any CPU = Release|Any CPU
	EndGlobalSection
	GlobalSection(ProjectConfigurationPlatforms) = postSolution
		{59CA4E2F-D054-4B45-AB05-461723475F75}.Debug|Any CPU.ActiveCfg = Debug|Any CPU
		{59CA4E2F-D054-4B45-AB05-461723475F75}.Debug|Any CPU.Build.0 = Debug|Any CPU
		{59CA4E2F-D054-4B45-AB05-461723475F75}.Release|Any CPU.ActiveCfg = Release|Any CPU
		{59CA4E2F-D054-4B45-AB05-461723475F75}.Release|Any CPU.Build.0 = Release|Any CPU
	EndGlobalSection
	GlobalSection(SolutionProperties) = preSolution
		HideSolutionNode = FALSE
	EndGlobalSection
	GlobalSection(ExtensibilityGlobals) = postSolution
		SolutionGuid = {2E3AA856-5681-4270-A6CA-70C931190BCB}
	EndGlobalSection
EndGlobal
